// !$*UTF8*$!
{
	archiveVersion = 1;
	classes = {
	};
	objectVersion = 56;
	objects = {

/* Begin PBXBuildFile section */
		031346BD2AA09C05009AAA0A /* AppDelegate.swift in Sources */ = {isa = PBXBuildFile; fileRef = 031346BC2AA09C05009AAA0A /* AppDelegate.swift */; };
		031346BF2AA09C05009AAA0A /* SceneDelegate.swift in Sources */ = {isa = PBXBuildFile; fileRef = 031346BE2AA09C05009AAA0A /* SceneDelegate.swift */; };
		031346C12AA09C05009AAA0A /* LoginViewController.swift in Sources */ = {isa = PBXBuildFile; fileRef = 031346C02AA09C05009AAA0A /* LoginViewController.swift */; };
		031346C42AA09C05009AAA0A /* Main.storyboard in Resources */ = {isa = PBXBuildFile; fileRef = 031346C22AA09C05009AAA0A /* Main.storyboard */; };
		031346C62AA09C06009AAA0A /* Assets.xcassets in Resources */ = {isa = PBXBuildFile; fileRef = 031346C52AA09C06009AAA0A /* Assets.xcassets */; };
		031346C92AA09C06009AAA0A /* LaunchScreen.storyboard in Resources */ = {isa = PBXBuildFile; fileRef = 031346C72AA09C06009AAA0A /* LaunchScreen.storyboard */; };
		031346D42AA09D77009AAA0A /* Shrikhand-Regular.otf in Resources */ = {isa = PBXBuildFile; fileRef = 031346D32AA09D77009AAA0A /* Shrikhand-Regular.otf */; };
		031346D72AA0A01A009AAA0A /* MemberViewController.swift in Sources */ = {isa = PBXBuildFile; fileRef = 031346D62AA0A01A009AAA0A /* MemberViewController.swift */; };
		031346D92AA1B54B009AAA0A /* MemoryViewController.swift in Sources */ = {isa = PBXBuildFile; fileRef = 031346D82AA1B54B009AAA0A /* MemoryViewController.swift */; };
		031346DB2AA22A5D009AAA0A /* ProfileViewController.swift in Sources */ = {isa = PBXBuildFile; fileRef = 031346DA2AA22A5D009AAA0A /* ProfileViewController.swift */; };
		031346DD2AA23402009AAA0A /* PostViewController.swift in Sources */ = {isa = PBXBuildFile; fileRef = 031346DC2AA23402009AAA0A /* PostViewController.swift */; };
		036243BD2AA24ECF00C5D807 /* MemberProfileViewController.swift in Sources */ = {isa = PBXBuildFile; fileRef = 036243BC2AA24ECF00C5D807 /* MemberProfileViewController.swift */; };
		036243C02AA2702F00C5D807 /* LoginPresenter.swift in Sources */ = {isa = PBXBuildFile; fileRef = 036243BF2AA2702F00C5D807 /* LoginPresenter.swift */; };
		036243C72AA4689D00C5D807 /* TOCropViewController in Frameworks */ = {isa = PBXBuildFile; productRef = 036243C62AA4689D00C5D807 /* TOCropViewController */; };
		036243C92AA4F32200C5D807 /* GoogleService-Info.plist in Resources */ = {isa = PBXBuildFile; fileRef = 036243C82AA4F32200C5D807 /* GoogleService-Info.plist */; };
		036243CC2AA4F4E200C5D807 /* FirebaseAuth in Frameworks */ = {isa = PBXBuildFile; productRef = 036243CB2AA4F4E200C5D807 /* FirebaseAuth */; };
		036243CE2AA4F4E200C5D807 /* FirebaseDatabase in Frameworks */ = {isa = PBXBuildFile; productRef = 036243CD2AA4F4E200C5D807 /* FirebaseDatabase */; };
		036243D02AA4F4E200C5D807 /* FirebaseFirestore in Frameworks */ = {isa = PBXBuildFile; productRef = 036243CF2AA4F4E200C5D807 /* FirebaseFirestore */; };
		036243D22AA4F4E200C5D807 /* FirebaseStorage in Frameworks */ = {isa = PBXBuildFile; productRef = 036243D12AA4F4E200C5D807 /* FirebaseStorage */; };
/* End PBXBuildFile section */

/* Begin PBXFileReference section */
		031346B92AA09C05009AAA0A /* Picheri.app */ = {isa = PBXFileReference; explicitFileType = wrapper.application; includeInIndex = 0; path = Picheri.app; sourceTree = BUILT_PRODUCTS_DIR; };
		031346BC2AA09C05009AAA0A /* AppDelegate.swift */ = {isa = PBXFileReference; lastKnownFileType = sourcecode.swift; path = AppDelegate.swift; sourceTree = "<group>"; };
		031346BE2AA09C05009AAA0A /* SceneDelegate.swift */ = {isa = PBXFileReference; lastKnownFileType = sourcecode.swift; path = SceneDelegate.swift; sourceTree = "<group>"; };
		031346C02AA09C05009AAA0A /* LoginViewController.swift */ = {isa = PBXFileReference; lastKnownFileType = sourcecode.swift; path = LoginViewController.swift; sourceTree = "<group>"; };
		031346C32AA09C05009AAA0A /* Base */ = {isa = PBXFileReference; lastKnownFileType = file.storyboard; name = Base; path = Base.lproj/Main.storyboard; sourceTree = "<group>"; };
		031346C52AA09C06009AAA0A /* Assets.xcassets */ = {isa = PBXFileReference; lastKnownFileType = folder.assetcatalog; path = Assets.xcassets; sourceTree = "<group>"; };
		031346C82AA09C06009AAA0A /* Base */ = {isa = PBXFileReference; lastKnownFileType = file.storyboard; name = Base; path = Base.lproj/LaunchScreen.storyboard; sourceTree = "<group>"; };
		031346CA2AA09C06009AAA0A /* Info.plist */ = {isa = PBXFileReference; lastKnownFileType = text.plist.xml; path = Info.plist; sourceTree = "<group>"; };
		031346D32AA09D77009AAA0A /* Shrikhand-Regular.otf */ = {isa = PBXFileReference; lastKnownFileType = file; path = "Shrikhand-Regular.otf"; sourceTree = "<group>"; };
		031346D62AA0A01A009AAA0A /* MemberViewController.swift */ = {isa = PBXFileReference; lastKnownFileType = sourcecode.swift; path = MemberViewController.swift; sourceTree = "<group>"; };
		031346D82AA1B54B009AAA0A /* MemoryViewController.swift */ = {isa = PBXFileReference; lastKnownFileType = sourcecode.swift; path = MemoryViewController.swift; sourceTree = "<group>"; };
		031346DA2AA22A5D009AAA0A /* ProfileViewController.swift */ = {isa = PBXFileReference; lastKnownFileType = sourcecode.swift; path = ProfileViewController.swift; sourceTree = "<group>"; };
		031346DC2AA23402009AAA0A /* PostViewController.swift */ = {isa = PBXFileReference; lastKnownFileType = sourcecode.swift; path = PostViewController.swift; sourceTree = "<group>"; };
		036243BC2AA24ECF00C5D807 /* MemberProfileViewController.swift */ = {isa = PBXFileReference; lastKnownFileType = sourcecode.swift; path = MemberProfileViewController.swift; sourceTree = "<group>"; };
		036243BF2AA2702F00C5D807 /* LoginPresenter.swift */ = {isa = PBXFileReference; lastKnownFileType = sourcecode.swift; path = LoginPresenter.swift; sourceTree = "<group>"; };
		036243C82AA4F32200C5D807 /* GoogleService-Info.plist */ = {isa = PBXFileReference; fileEncoding = 4; lastKnownFileType = text.plist.xml; path = "GoogleService-Info.plist"; sourceTree = "<group>"; };
/* End PBXFileReference section */

/* Begin PBXFrameworksBuildPhase section */
		031346B62AA09C05009AAA0A /* Frameworks */ = {
			isa = PBXFrameworksBuildPhase;
			buildActionMask = 2147483647;
			files = (
				036243CE2AA4F4E200C5D807 /* FirebaseDatabase in Frameworks */,
				036243D02AA4F4E200C5D807 /* FirebaseFirestore in Frameworks */,
				036243C72AA4689D00C5D807 /* TOCropViewController in Frameworks */,
				036243D22AA4F4E200C5D807 /* FirebaseStorage in Frameworks */,
				036243CC2AA4F4E200C5D807 /* FirebaseAuth in Frameworks */,
			);
			runOnlyForDeploymentPostprocessing = 0;
		};
/* End PBXFrameworksBuildPhase section */

/* Begin PBXGroup section */
		031346B02AA09C05009AAA0A = {
			isa = PBXGroup;
			children = (
				031346BB2AA09C05009AAA0A /* Picheri */,
				031346BA2AA09C05009AAA0A /* Products */,
			);
			sourceTree = "<group>";
		};
		031346BA2AA09C05009AAA0A /* Products */ = {
			isa = PBXGroup;
			children = (
				031346B92AA09C05009AAA0A /* Picheri.app */,
			);
			name = Products;
			sourceTree = "<group>";
		};
		031346BB2AA09C05009AAA0A /* Picheri */ = {
			isa = PBXGroup;
			children = (
				036243BE2AA2700800C5D807 /* Presenter */,
				031346D12AA09D4F009AAA0A /* Fonts */,
				031346D02AA09D1D009AAA0A /* View */,
				031346BC2AA09C05009AAA0A /* AppDelegate.swift */,
				031346BE2AA09C05009AAA0A /* SceneDelegate.swift */,
				031346C22AA09C05009AAA0A /* Main.storyboard */,
				031346C52AA09C06009AAA0A /* Assets.xcassets */,
				031346C72AA09C06009AAA0A /* LaunchScreen.storyboard */,
				031346CA2AA09C06009AAA0A /* Info.plist */,
				036243C82AA4F32200C5D807 /* GoogleService-Info.plist */,
			);
			path = Picheri;
			sourceTree = "<group>";
		};
		031346D02AA09D1D009AAA0A /* View */ = {
			isa = PBXGroup;
			children = (
				031346C02AA09C05009AAA0A /* LoginViewController.swift */,
				031346D62AA0A01A009AAA0A /* MemberViewController.swift */,
				031346D82AA1B54B009AAA0A /* MemoryViewController.swift */,
				031346DA2AA22A5D009AAA0A /* ProfileViewController.swift */,
				031346DC2AA23402009AAA0A /* PostViewController.swift */,
				036243BC2AA24ECF00C5D807 /* MemberProfileViewController.swift */,
			);
			path = View;
			sourceTree = "<group>";
		};
		031346D12AA09D4F009AAA0A /* Fonts */ = {
			isa = PBXGroup;
			children = (
				031346D32AA09D77009AAA0A /* Shrikhand-Regular.otf */,
			);
			path = Fonts;
			sourceTree = "<group>";
		};
		036243BE2AA2700800C5D807 /* Presenter */ = {
			isa = PBXGroup;
			children = (
				036243BF2AA2702F00C5D807 /* LoginPresenter.swift */,
			);
			path = Presenter;
			sourceTree = "<group>";
		};
/* End PBXGroup section */

/* Begin PBXNativeTarget section */
		031346B82AA09C05009AAA0A /* Picheri */ = {
			isa = PBXNativeTarget;
			buildConfigurationList = 031346CD2AA09C06009AAA0A /* Build configuration list for PBXNativeTarget "Picheri" */;
			buildPhases = (
				031346B52AA09C05009AAA0A /* Sources */,
				031346B62AA09C05009AAA0A /* Frameworks */,
				031346B72AA09C05009AAA0A /* Resources */,
			);
			buildRules = (
			);
			dependencies = (
			);
			name = Picheri;
			packageProductDependencies = (
				036243C62AA4689D00C5D807 /* TOCropViewController */,
				036243CB2AA4F4E200C5D807 /* FirebaseAuth */,
				036243CD2AA4F4E200C5D807 /* FirebaseDatabase */,
				036243CF2AA4F4E200C5D807 /* FirebaseFirestore */,
				036243D12AA4F4E200C5D807 /* FirebaseStorage */,
			);
			productName = Picheri;
			productReference = 031346B92AA09C05009AAA0A /* Picheri.app */;
			productType = "com.apple.product-type.application";
		};
/* End PBXNativeTarget section */

/* Begin PBXProject section */
		031346B12AA09C05009AAA0A /* Project object */ = {
			isa = PBXProject;
			attributes = {
				BuildIndependentTargetsInParallel = 1;
				LastSwiftUpdateCheck = 1430;
				LastUpgradeCheck = 1430;
				TargetAttributes = {
					031346B82AA09C05009AAA0A = {
						CreatedOnToolsVersion = 14.3;
					};
				};
			};
			buildConfigurationList = 031346B42AA09C05009AAA0A /* Build configuration list for PBXProject "Picheri" */;
			compatibilityVersion = "Xcode 14.0";
			developmentRegion = en;
			hasScannedForEncodings = 0;
			knownRegions = (
				en,
				Base,
			);
			mainGroup = 031346B02AA09C05009AAA0A;
			packageReferences = (
				036243C52AA4689D00C5D807 /* XCRemoteSwiftPackageReference "TOCropViewController" */,
				036243CA2AA4F4E200C5D807 /* XCRemoteSwiftPackageReference "firebase-ios-sdk" */,
			);
			productRefGroup = 031346BA2AA09C05009AAA0A /* Products */;
			projectDirPath = "";
			projectRoot = "";
			targets = (
				031346B82AA09C05009AAA0A /* Picheri */,
			);
		};
/* End PBXProject section */

/* Begin PBXResourcesBuildPhase section */
		031346B72AA09C05009AAA0A /* Resources */ = {
			isa = PBXResourcesBuildPhase;
			buildActionMask = 2147483647;
			files = (
				031346C92AA09C06009AAA0A /* LaunchScreen.storyboard in Resources */,
				031346C62AA09C06009AAA0A /* Assets.xcassets in Resources */,
				036243C92AA4F32200C5D807 /* GoogleService-Info.plist in Resources */,
				031346C42AA09C05009AAA0A /* Main.storyboard in Resources */,
				031346D42AA09D77009AAA0A /* Shrikhand-Regular.otf in Resources */,
			);
			runOnlyForDeploymentPostprocessing = 0;
		};
/* End PBXResourcesBuildPhase section */

/* Begin PBXSourcesBuildPhase section */
		031346B52AA09C05009AAA0A /* Sources */ = {
			isa = PBXSourcesBuildPhase;
			buildActionMask = 2147483647;
			files = (
				036243C02AA2702F00C5D807 /* LoginPresenter.swift in Sources */,
				031346DB2AA22A5D009AAA0A /* ProfileViewController.swift in Sources */,
				031346C12AA09C05009AAA0A /* LoginViewController.swift in Sources */,
				031346DD2AA23402009AAA0A /* PostViewController.swift in Sources */,
				031346D72AA0A01A009AAA0A /* MemberViewController.swift in Sources */,
				036243BD2AA24ECF00C5D807 /* MemberProfileViewController.swift in Sources */,
				031346BD2AA09C05009AAA0A /* AppDelegate.swift in Sources */,
				031346BF2AA09C05009AAA0A /* SceneDelegate.swift in Sources */,
				031346D92AA1B54B009AAA0A /* MemoryViewController.swift in Sources */,
			);
			runOnlyForDeploymentPostprocessing = 0;
		};
/* End PBXSourcesBuildPhase section */

/* Begin PBXVariantGroup section */
		031346C22AA09C05009AAA0A /* Main.storyboard */ = {
			isa = PBXVariantGroup;
			children = (
				031346C32AA09C05009AAA0A /* Base */,
			);
			name = Main.storyboard;
			sourceTree = "<group>";
		};
		031346C72AA09C06009AAA0A /* LaunchScreen.storyboard */ = {
			isa = PBXVariantGroup;
			children = (
				031346C82AA09C06009AAA0A /* Base */,
			);
			name = LaunchScreen.storyboard;
			sourceTree = "<group>";
		};
/* End PBXVariantGroup section */

/* Begin XCBuildConfiguration section */
		031346CB2AA09C06009AAA0A /* Debug */ = {
			isa = XCBuildConfiguration;
			buildSettings = {
				ALWAYS_SEARCH_USER_PATHS = NO;
				CLANG_ANALYZER_NONNULL = YES;
				CLANG_ANALYZER_NUMBER_OBJECT_CONVERSION = YES_AGGRESSIVE;
				CLANG_CXX_LANGUAGE_STANDARD = "gnu++20";
				CLANG_ENABLE_MODULES = YES;
				CLANG_ENABLE_OBJC_ARC = YES;
				CLANG_ENABLE_OBJC_WEAK = YES;
				CLANG_WARN_BLOCK_CAPTURE_AUTORELEASING = YES;
				CLANG_WARN_BOOL_CONVERSION = YES;
				CLANG_WARN_COMMA = YES;
				CLANG_WARN_CONSTANT_CONVERSION = YES;
				CLANG_WARN_DEPRECATED_OBJC_IMPLEMENTATIONS = YES;
				CLANG_WARN_DIRECT_OBJC_ISA_USAGE = YES_ERROR;
				CLANG_WARN_DOCUMENTATION_COMMENTS = YES;
				CLANG_WARN_EMPTY_BODY = YES;
				CLANG_WARN_ENUM_CONVERSION = YES;
				CLANG_WARN_INFINITE_RECURSION = YES;
				CLANG_WARN_INT_CONVERSION = YES;
				CLANG_WARN_NON_LITERAL_NULL_CONVERSION = YES;
				CLANG_WARN_OBJC_IMPLICIT_RETAIN_SELF = YES;
				CLANG_WARN_OBJC_LITERAL_CONVERSION = YES;
				CLANG_WARN_OBJC_ROOT_CLASS = YES_ERROR;
				CLANG_WARN_QUOTED_INCLUDE_IN_FRAMEWORK_HEADER = YES;
				CLANG_WARN_RANGE_LOOP_ANALYSIS = YES;
				CLANG_WARN_STRICT_PROTOTYPES = YES;
				CLANG_WARN_SUSPICIOUS_MOVE = YES;
				CLANG_WARN_UNGUARDED_AVAILABILITY = YES_AGGRESSIVE;
				CLANG_WARN_UNREACHABLE_CODE = YES;
				CLANG_WARN__DUPLICATE_METHOD_MATCH = YES;
				COPY_PHASE_STRIP = NO;
				DEBUG_INFORMATION_FORMAT = dwarf;
				ENABLE_STRICT_OBJC_MSGSEND = YES;
				ENABLE_TESTABILITY = YES;
				GCC_C_LANGUAGE_STANDARD = gnu11;
				GCC_DYNAMIC_NO_PIC = NO;
				GCC_NO_COMMON_BLOCKS = YES;
				GCC_OPTIMIZATION_LEVEL = 0;
				GCC_PREPROCESSOR_DEFINITIONS = (
					"DEBUG=1",
					"$(inherited)",
				);
				GCC_WARN_64_TO_32_BIT_CONVERSION = YES;
				GCC_WARN_ABOUT_RETURN_TYPE = YES_ERROR;
				GCC_WARN_UNDECLARED_SELECTOR = YES;
				GCC_WARN_UNINITIALIZED_AUTOS = YES_AGGRESSIVE;
				GCC_WARN_UNUSED_FUNCTION = YES;
				GCC_WARN_UNUSED_VARIABLE = YES;
				IPHONEOS_DEPLOYMENT_TARGET = 16.4;
				MTL_ENABLE_DEBUG_INFO = INCLUDE_SOURCE;
				MTL_FAST_MATH = YES;
				ONLY_ACTIVE_ARCH = YES;
				SDKROOT = iphoneos;
				SWIFT_ACTIVE_COMPILATION_CONDITIONS = DEBUG;
				SWIFT_OPTIMIZATION_LEVEL = "-Onone";
			};
			name = Debug;
		};
		031346CC2AA09C06009AAA0A /* Release */ = {
			isa = XCBuildConfiguration;
			buildSettings = {
				ALWAYS_SEARCH_USER_PATHS = NO;
				CLANG_ANALYZER_NONNULL = YES;
				CLANG_ANALYZER_NUMBER_OBJECT_CONVERSION = YES_AGGRESSIVE;
				CLANG_CXX_LANGUAGE_STANDARD = "gnu++20";
				CLANG_ENABLE_MODULES = YES;
				CLANG_ENABLE_OBJC_ARC = YES;
				CLANG_ENABLE_OBJC_WEAK = YES;
				CLANG_WARN_BLOCK_CAPTURE_AUTORELEASING = YES;
				CLANG_WARN_BOOL_CONVERSION = YES;
				CLANG_WARN_COMMA = YES;
				CLANG_WARN_CONSTANT_CONVERSION = YES;
				CLANG_WARN_DEPRECATED_OBJC_IMPLEMENTATIONS = YES;
				CLANG_WARN_DIRECT_OBJC_ISA_USAGE = YES_ERROR;
				CLANG_WARN_DOCUMENTATION_COMMENTS = YES;
				CLANG_WARN_EMPTY_BODY = YES;
				CLANG_WARN_ENUM_CONVERSION = YES;
				CLANG_WARN_INFINITE_RECURSION = YES;
				CLANG_WARN_INT_CONVERSION = YES;
				CLANG_WARN_NON_LITERAL_NULL_CONVERSION = YES;
				CLANG_WARN_OBJC_IMPLICIT_RETAIN_SELF = YES;
				CLANG_WARN_OBJC_LITERAL_CONVERSION = YES;
				CLANG_WARN_OBJC_ROOT_CLASS = YES_ERROR;
				CLANG_WARN_QUOTED_INCLUDE_IN_FRAMEWORK_HEADER = YES;
				CLANG_WARN_RANGE_LOOP_ANALYSIS = YES;
				CLANG_WARN_STRICT_PROTOTYPES = YES;
				CLANG_WARN_SUSPICIOUS_MOVE = YES;
				CLANG_WARN_UNGUARDED_AVAILABILITY = YES_AGGRESSIVE;
				CLANG_WARN_UNREACHABLE_CODE = YES;
				CLANG_WARN__DUPLICATE_METHOD_MATCH = YES;
				COPY_PHASE_STRIP = NO;
				DEBUG_INFORMATION_FORMAT = "dwarf-with-dsym";
				ENABLE_NS_ASSERTIONS = NO;
				ENABLE_STRICT_OBJC_MSGSEND = YES;
				GCC_C_LANGUAGE_STANDARD = gnu11;
				GCC_NO_COMMON_BLOCKS = YES;
				GCC_WARN_64_TO_32_BIT_CONVERSION = YES;
				GCC_WARN_ABOUT_RETURN_TYPE = YES_ERROR;
				GCC_WARN_UNDECLARED_SELECTOR = YES;
				GCC_WARN_UNINITIALIZED_AUTOS = YES_AGGRESSIVE;
				GCC_WARN_UNUSED_FUNCTION = YES;
				GCC_WARN_UNUSED_VARIABLE = YES;
				IPHONEOS_DEPLOYMENT_TARGET = 16.4;
				MTL_ENABLE_DEBUG_INFO = NO;
				MTL_FAST_MATH = YES;
				SDKROOT = iphoneos;
				SWIFT_COMPILATION_MODE = wholemodule;
				SWIFT_OPTIMIZATION_LEVEL = "-O";
				VALIDATE_PRODUCT = YES;
			};
			name = Release;
		};
		031346CE2AA09C06009AAA0A /* Debug */ = {
			isa = XCBuildConfiguration;
			buildSettings = {
				ASSETCATALOG_COMPILER_APPICON_NAME = AppIcon;
				ASSETCATALOG_COMPILER_GLOBAL_ACCENT_COLOR_NAME = AccentColor;
				CODE_SIGN_STYLE = Automatic;
				CURRENT_PROJECT_VERSION = 1;
				DEVELOPMENT_TEAM = 2583Y3NAVD;
				GENERATE_INFOPLIST_FILE = YES;
				INFOPLIST_FILE = Picheri/Info.plist;
				INFOPLIST_KEY_UIApplicationSupportsIndirectInputEvents = YES;
				INFOPLIST_KEY_UILaunchStoryboardName = LaunchScreen;
				INFOPLIST_KEY_UIMainStoryboardFile = Main;
				INFOPLIST_KEY_UISupportedInterfaceOrientations_iPad = "UIInterfaceOrientationPortrait UIInterfaceOrientationPortraitUpsideDown UIInterfaceOrientationLandscapeLeft UIInterfaceOrientationLandscapeRight";
				INFOPLIST_KEY_UISupportedInterfaceOrientations_iPhone = "UIInterfaceOrientationPortrait UIInterfaceOrientationLandscapeLeft UIInterfaceOrientationLandscapeRight";
				LD_RUNPATH_SEARCH_PATHS = (
					"$(inherited)",
					"@executable_path/Frameworks",
				);
				MARKETING_VERSION = 1.0;
				PRODUCT_BUNDLE_IDENTIFIER = app.yonezu.Picheri;
				PRODUCT_NAME = "$(TARGET_NAME)";
				SWIFT_EMIT_LOC_STRINGS = YES;
				SWIFT_VERSION = 5.0;
				TARGETED_DEVICE_FAMILY = "1,2";
			};
			name = Debug;
		};
		031346CF2AA09C06009AAA0A /* Release */ = {
			isa = XCBuildConfiguration;
			buildSettings = {
				ASSETCATALOG_COMPILER_APPICON_NAME = AppIcon;
				ASSETCATALOG_COMPILER_GLOBAL_ACCENT_COLOR_NAME = AccentColor;
				CODE_SIGN_STYLE = Automatic;
				CURRENT_PROJECT_VERSION = 1;
				DEVELOPMENT_TEAM = 2583Y3NAVD;
				GENERATE_INFOPLIST_FILE = YES;
				INFOPLIST_FILE = Picheri/Info.plist;
				INFOPLIST_KEY_UIApplicationSupportsIndirectInputEvents = YES;
				INFOPLIST_KEY_UILaunchStoryboardName = LaunchScreen;
				INFOPLIST_KEY_UIMainStoryboardFile = Main;
				INFOPLIST_KEY_UISupportedInterfaceOrientations_iPad = "UIInterfaceOrientationPortrait UIInterfaceOrientationPortraitUpsideDown UIInterfaceOrientationLandscapeLeft UIInterfaceOrientationLandscapeRight";
				INFOPLIST_KEY_UISupportedInterfaceOrientations_iPhone = "UIInterfaceOrientationPortrait UIInterfaceOrientationLandscapeLeft UIInterfaceOrientationLandscapeRight";
				LD_RUNPATH_SEARCH_PATHS = (
					"$(inherited)",
					"@executable_path/Frameworks",
				);
				MARKETING_VERSION = 1.0;
				PRODUCT_BUNDLE_IDENTIFIER = app.yonezu.Picheri;
				PRODUCT_NAME = "$(TARGET_NAME)";
				SWIFT_EMIT_LOC_STRINGS = YES;
				SWIFT_VERSION = 5.0;
				TARGETED_DEVICE_FAMILY = "1,2";
			};
			name = Release;
		};
/* End XCBuildConfiguration section */

/* Begin XCConfigurationList section */
		031346B42AA09C05009AAA0A /* Build configuration list for PBXProject "Picheri" */ = {
			isa = XCConfigurationList;
			buildConfigurations = (
				031346CB2AA09C06009AAA0A /* Debug */,
				031346CC2AA09C06009AAA0A /* Release */,
			);
			defaultConfigurationIsVisible = 0;
			defaultConfigurationName = Release;
		};
		031346CD2AA09C06009AAA0A /* Build configuration list for PBXNativeTarget "Picheri" */ = {
			isa = XCConfigurationList;
			buildConfigurations = (
				031346CE2AA09C06009AAA0A /* Debug */,
				031346CF2AA09C06009AAA0A /* Release */,
			);
			defaultConfigurationIsVisible = 0;
			defaultConfigurationName = Release;
		};
/* End XCConfigurationList section */

/* Begin XCRemoteSwiftPackageReference section */
		036243C52AA4689D00C5D807 /* XCRemoteSwiftPackageReference "TOCropViewController" */ = {
			isa = XCRemoteSwiftPackageReference;
			repositoryURL = "https://github.com/TimOliver/TOCropViewController.git";
			requirement = {
				kind = upToNextMajorVersion;
				minimumVersion = 2.0.0;
			};
		};
		036243CA2AA4F4E200C5D807 /* XCRemoteSwiftPackageReference "firebase-ios-sdk" */ = {
			isa = XCRemoteSwiftPackageReference;
			repositoryURL = "https://github.com/firebase/firebase-ios-sdk.git";
			requirement = {
				kind = upToNextMajorVersion;
				minimumVersion = 10.0.0;
			};
		};
/* End XCRemoteSwiftPackageReference section */

/* Begin XCSwiftPackageProductDependency section */
		036243C62AA4689D00C5D807 /* TOCropViewController */ = {
			isa = XCSwiftPackageProductDependency;
			package = 036243C52AA4689D00C5D807 /* XCRemoteSwiftPackageReference "TOCropViewController" */;
			productName = TOCropViewController;
		};
		036243CB2AA4F4E200C5D807 /* FirebaseAuth */ = {
			isa = XCSwiftPackageProductDependency;
			package = 036243CA2AA4F4E200C5D807 /* XCRemoteSwiftPackageReference "firebase-ios-sdk" */;
			productName = FirebaseAuth;
		};
		036243CD2AA4F4E200C5D807 /* FirebaseDatabase */ = {
			isa = XCSwiftPackageProductDependency;
			package = 036243CA2AA4F4E200C5D807 /* XCRemoteSwiftPackageReference "firebase-ios-sdk" */;
			productName = FirebaseDatabase;
		};
		036243CF2AA4F4E200C5D807 /* FirebaseFirestore */ = {
			isa = XCSwiftPackageProductDependency;
			package = 036243CA2AA4F4E200C5D807 /* XCRemoteSwiftPackageReference "firebase-ios-sdk" */;
			productName = FirebaseFirestore;
		};
		036243D12AA4F4E200C5D807 /* FirebaseStorage */ = {
			isa = XCSwiftPackageProductDependency;
			package = 036243CA2AA4F4E200C5D807 /* XCRemoteSwiftPackageReference "firebase-ios-sdk" */;
			productName = FirebaseStorage;
		};
/* End XCSwiftPackageProductDependency section */
	};
	rootObject = 031346B12AA09C05009AAA0A /* Project object */;
}
